
Microsoft Visual Studio Solution File, Format Version 11.00
# Visual Studio 2010
Project("{FAE04EC0-301F-11D3-BF4B-00C04F79EFBC}") = "FileDeployments", "Source\FileDeployments\FileDeployments.csproj", "{62C0F5E8-89CB-4593-9090-5D33C6497690}"
EndProject
Project("{2150E333-8FDC-42A3-9474-1A3956D46DE8}") = "Solution Items", "Solution Items", "{ECDDB86D-C6A3-443D-91E1-D64A4CB47645}"
	ProjectSection(SolutionItems) = preProject
		Readme.markdown = Readme.markdown
	EndProjectSection
EndProject
Project("{2150E333-8FDC-42A3-9474-1A3956D46DE8}") = "Samples", "Samples", "{90BCAEC8-0C33-4AFA-8222-F6CA908ADDF0}"
EndProject
Project("{2150E333-8FDC-42A3-9474-1A3956D46DE8}") = "Apps", "Apps", "{61F9A35F-2036-4FE7-BFA4-4D0B673BF63E}"
EndProject
Project("{FAE04EC0-301F-11D3-BF4B-00C04F79EFBC}") = "App1", "Samples\Apps\App1\App1.csproj", "{24F16875-B1BE-49FC-B52A-54FD82929245}"
EndProject
Project("{FAE04EC0-301F-11D3-BF4B-00C04F79EFBC}") = "App2", "Samples\Apps\App2\App2.csproj", "{C2089238-D0CF-4CF6-8B84-C501964DD14F}"
EndProject
Project("{2150E333-8FDC-42A3-9474-1A3956D46DE8}") = "Hosts", "Hosts", "{6B8886C5-D83B-4895-845A-598DE79AD2C3}"
EndProject
Project("{FAE04EC0-301F-11D3-BF4B-00C04F79EFBC}") = "LocalFiles", "Samples\Hosts\LocalFiles\LocalFiles.csproj", "{EF66D6AE-F5E1-4109-845F-90243AAA38F4}"
EndProject
Project("{FAE04EC0-301F-11D3-BF4B-00C04F79EFBC}") = "LokadCloud14.NativeDeployments", "Source\LokadCloud14NativeDeployments\LokadCloud14.NativeDeployments.csproj", "{65EE4C32-A66F-4FF0-9F13-952B7AA424AC}"
EndProject
Project("{FAE04EC0-301F-11D3-BF4B-00C04F79EFBC}") = "LokadCloud14.NativeHost", "Samples\Hosts\LokadCloud14Native\LokadCloud14.NativeHost.csproj", "{4CB17EBC-4985-4AE8-9896-1618D1BCC8B6}"
EndProject
Global
	GlobalSection(SolutionConfigurationPlatforms) = preSolution
		Debug|Any CPU = Debug|Any CPU
		Debug|Mixed Platforms = Debug|Mixed Platforms
		Debug|x86 = Debug|x86
		Release|Any CPU = Release|Any CPU
		Release|Mixed Platforms = Release|Mixed Platforms
		Release|x86 = Release|x86
	EndGlobalSection
	GlobalSection(ProjectConfigurationPlatforms) = postSolution
		{62C0F5E8-89CB-4593-9090-5D33C6497690}.Debug|Any CPU.ActiveCfg = Debug|Any CPU
		{62C0F5E8-89CB-4593-9090-5D33C6497690}.Debug|Any CPU.Build.0 = Debug|Any CPU
		{62C0F5E8-89CB-4593-9090-5D33C6497690}.Debug|Mixed Platforms.ActiveCfg = Debug|Any CPU
		{62C0F5E8-89CB-4593-9090-5D33C6497690}.Debug|Mixed Platforms.Build.0 = Debug|Any CPU
		{62C0F5E8-89CB-4593-9090-5D33C6497690}.Debug|x86.ActiveCfg = Debug|Any CPU
		{62C0F5E8-89CB-4593-9090-5D33C6497690}.Release|Any CPU.ActiveCfg = Release|Any CPU
		{62C0F5E8-89CB-4593-9090-5D33C6497690}.Release|Any CPU.Build.0 = Release|Any CPU
		{62C0F5E8-89CB-4593-9090-5D33C6497690}.Release|Mixed Platforms.ActiveCfg = Release|Any CPU
		{62C0F5E8-89CB-4593-9090-5D33C6497690}.Release|Mixed Platforms.Build.0 = Release|Any CPU
		{62C0F5E8-89CB-4593-9090-5D33C6497690}.Release|x86.ActiveCfg = Release|Any CPU
		{24F16875-B1BE-49FC-B52A-54FD82929245}.Debug|Any CPU.ActiveCfg = Debug|Any CPU
		{24F16875-B1BE-49FC-B52A-54FD82929245}.Debug|Any CPU.Build.0 = Debug|Any CPU
		{24F16875-B1BE-49FC-B52A-54FD82929245}.Debug|Mixed Platforms.ActiveCfg = Debug|Any CPU
		{24F16875-B1BE-49FC-B52A-54FD82929245}.Debug|Mixed Platforms.Build.0 = Debug|Any CPU
		{24F16875-B1BE-49FC-B52A-54FD82929245}.Debug|x86.ActiveCfg = Debug|Any CPU
		{24F16875-B1BE-49FC-B52A-54FD82929245}.Release|Any CPU.ActiveCfg = Release|Any CPU
		{24F16875-B1BE-49FC-B52A-54FD82929245}.Release|Any CPU.Build.0 = Release|Any CPU
		{24F16875-B1BE-49FC-B52A-54FD82929245}.Release|Mixed Platforms.ActiveCfg = Release|Any CPU
		{24F16875-B1BE-49FC-B52A-54FD82929245}.Release|Mixed Platforms.Build.0 = Release|Any CPU
		{24F16875-B1BE-49FC-B52A-54FD82929245}.Release|x86.ActiveCfg = Release|Any CPU
		{C2089238-D0CF-4CF6-8B84-C501964DD14F}.Debug|Any CPU.ActiveCfg = Debug|x86
		{C2089238-D0CF-4CF6-8B84-C501964DD14F}.Debug|Mixed Platforms.ActiveCfg = Debug|x86
		{C2089238-D0CF-4CF6-8B84-C501964DD14F}.Debug|Mixed Platforms.Build.0 = Debug|x86
		{C2089238-D0CF-4CF6-8B84-C501964DD14F}.Debug|x86.ActiveCfg = Debug|x86
		{C2089238-D0CF-4CF6-8B84-C501964DD14F}.Debug|x86.Build.0 = Debug|x86
		{C2089238-D0CF-4CF6-8B84-C501964DD14F}.Release|Any CPU.ActiveCfg = Release|x86
		{C2089238-D0CF-4CF6-8B84-C501964DD14F}.Release|Mixed Platforms.ActiveCfg = Release|x86
		{C2089238-D0CF-4CF6-8B84-C501964DD14F}.Release|Mixed Platforms.Build.0 = Release|x86
		{C2089238-D0CF-4CF6-8B84-C501964DD14F}.Release|x86.ActiveCfg = Release|x86
		{C2089238-D0CF-4CF6-8B84-C501964DD14F}.Release|x86.Build.0 = Release|x86
		{EF66D6AE-F5E1-4109-845F-90243AAA38F4}.Debug|Any CPU.ActiveCfg = Debug|x86
		{EF66D6AE-F5E1-4109-845F-90243AAA38F4}.Debug|Mixed Platforms.ActiveCfg = Debug|x86
		{EF66D6AE-F5E1-4109-845F-90243AAA38F4}.Debug|Mixed Platforms.Build.0 = Debug|x86
		{EF66D6AE-F5E1-4109-845F-90243AAA38F4}.Debug|x86.ActiveCfg = Debug|x86
		{EF66D6AE-F5E1-4109-845F-90243AAA38F4}.Debug|x86.Build.0 = Debug|x86
		{EF66D6AE-F5E1-4109-845F-90243AAA38F4}.Release|Any CPU.ActiveCfg = Release|x86
		{EF66D6AE-F5E1-4109-845F-90243AAA38F4}.Release|Mixed Platforms.ActiveCfg = Release|x86
		{EF66D6AE-F5E1-4109-845F-90243AAA38F4}.Release|Mixed Platforms.Build.0 = Release|x86
		{EF66D6AE-F5E1-4109-845F-90243AAA38F4}.Release|x86.ActiveCfg = Release|x86
		{EF66D6AE-F5E1-4109-845F-90243AAA38F4}.Release|x86.Build.0 = Release|x86
		{65EE4C32-A66F-4FF0-9F13-952B7AA424AC}.Debug|Any CPU.ActiveCfg = Debug|Any CPU
		{65EE4C32-A66F-4FF0-9F13-952B7AA424AC}.Debug|Any CPU.Build.0 = Debug|Any CPU
		{65EE4C32-A66F-4FF0-9F13-952B7AA424AC}.Debug|Mixed Platforms.ActiveCfg = Debug|Any CPU
		{65EE4C32-A66F-4FF0-9F13-952B7AA424AC}.Debug|Mixed Platforms.Build.0 = Debug|Any CPU
		{65EE4C32-A66F-4FF0-9F13-952B7AA424AC}.Debug|x86.ActiveCfg = Debug|Any CPU
		{65EE4C32-A66F-4FF0-9F13-952B7AA424AC}.Release|Any CPU.ActiveCfg = Release|Any CPU
		{65EE4C32-A66F-4FF0-9F13-952B7AA424AC}.Release|Any CPU.Build.0 = Release|Any CPU
		{65EE4C32-A66F-4FF0-9F13-952B7AA424AC}.Release|Mixed Platforms.ActiveCfg = Release|Any CPU
		{65EE4C32-A66F-4FF0-9F13-952B7AA424AC}.Release|Mixed Platforms.Build.0 = Release|Any CPU
		{65EE4C32-A66F-4FF0-9F13-952B7AA424AC}.Release|x86.ActiveCfg = Release|Any CPU
		{4CB17EBC-4985-4AE8-9896-1618D1BCC8B6}.Debug|Any CPU.ActiveCfg = Debug|x86
		{4CB17EBC-4985-4AE8-9896-1618D1BCC8B6}.Debug|Mixed Platforms.ActiveCfg = Debug|x86
		{4CB17EBC-4985-4AE8-9896-1618D1BCC8B6}.Debug|Mixed Platforms.Build.0 = Debug|x86
		{4CB17EBC-4985-4AE8-9896-1618D1BCC8B6}.Debug|x86.ActiveCfg = Debug|x86
		{4CB17EBC-4985-4AE8-9896-1618D1BCC8B6}.Debug|x86.Build.0 = Debug|x86
		{4CB17EBC-4985-4AE8-9896-1618D1BCC8B6}.Release|Any CPU.ActiveCfg = Release|x86
		{4CB17EBC-4985-4AE8-9896-1618D1BCC8B6}.Release|Mixed Platforms.ActiveCfg = Release|x86
		{4CB17EBC-4985-4AE8-9896-1618D1BCC8B6}.Release|Mixed Platforms.Build.0 = Release|x86
		{4CB17EBC-4985-4AE8-9896-1618D1BCC8B6}.Release|x86.ActiveCfg = Release|x86
		{4CB17EBC-4985-4AE8-9896-1618D1BCC8B6}.Release|x86.Build.0 = Release|x86
	EndGlobalSection
	GlobalSection(SolutionProperties) = preSolution
		HideSolutionNode = FALSE
	EndGlobalSection
	GlobalSection(NestedProjects) = preSolution
		{61F9A35F-2036-4FE7-BFA4-4D0B673BF63E} = {90BCAEC8-0C33-4AFA-8222-F6CA908ADDF0}
		{6B8886C5-D83B-4895-845A-598DE79AD2C3} = {90BCAEC8-0C33-4AFA-8222-F6CA908ADDF0}
		{24F16875-B1BE-49FC-B52A-54FD82929245} = {61F9A35F-2036-4FE7-BFA4-4D0B673BF63E}
		{C2089238-D0CF-4CF6-8B84-C501964DD14F} = {61F9A35F-2036-4FE7-BFA4-4D0B673BF63E}
		{EF66D6AE-F5E1-4109-845F-90243AAA38F4} = {6B8886C5-D83B-4895-845A-598DE79AD2C3}
		{4CB17EBC-4985-4AE8-9896-1618D1BCC8B6} = {6B8886C5-D83B-4895-845A-598DE79AD2C3}
	EndGlobalSection
EndGlobal
